{
  "nodes": {
    "disko": {
      "inputs": {
        "nixpkgs": [
          "nixpkgs"
        ]
      },
      "locked": {
        "lastModified": 1722821805,
        "narHash": "sha256-FGrUPUD+LMDwJsYyNSxNIzFMldtCm8wXiQuyL2PHSrM=",
        "owner": "nix-community",
        "repo": "disko",
        "rev": "0257e44f4ad472b54f19a6dd1615aee7fa48ed49",
        "type": "github"
      },
      "original": {
        "owner": "nix-community",
        "repo": "disko",
        "type": "github"
      }
    },
    "nixpkgs": {
      "locked": {
        "lastModified": 1722813957,
        "narHash": "sha256-IAoYyYnED7P8zrBFMnmp7ydaJfwTnwcnqxUElC1I26Y=",
        "owner": "nixos",
        "repo": "nixpkgs",
        "rev": "cb9a96f23c491c081b38eab96d22fa958043c9fa",
        "type": "github"
      },
      "original": {
        "owner": "nixos",
        "ref": "nixos-unstable",
        "repo": "nixpkgs",
        "type": "github"
      }
    },
    "root": {
      "inputs": {
        "disko": "disko",
        "nixpkgs": "nixpkgs"
      }
    }
  },
  "root": "root",
  "version": 7
}
